// !$*UTF8*$!
{
	archiveVersion = 1;
	classes = {
	};
	objectVersion = 46;
	objects = {

/* Begin PBXBuildFile section */
		CC07004916AFAE1A0042FCD2 /* UIKit.framework in Frameworks */ = {isa = PBXBuildFile; fileRef = CC07004816AFAE1A0042FCD2 /* UIKit.framework */; };
		CC07004B16AFAE1A0042FCD2 /* Foundation.framework in Frameworks */ = {isa = PBXBuildFile; fileRef = CC07004A16AFAE1A0042FCD2 /* Foundation.framework */; };
		CC07004D16AFAE1A0042FCD2 /* CoreGraphics.framework in Frameworks */ = {isa = PBXBuildFile; fileRef = CC07004C16AFAE1A0042FCD2 /* CoreGraphics.framework */; };
		CC07005316AFAE1A0042FCD2 /* InfoPlist.strings in Resources */ = {isa = PBXBuildFile; fileRef = CC07005116AFAE1A0042FCD2 /* InfoPlist.strings */; };
		CC07005516AFAE1A0042FCD2 /* main.m in Sources */ = {isa = PBXBuildFile; fileRef = CC07005416AFAE1A0042FCD2 /* main.m */; };
		CC07005916AFAE1A0042FCD2 /* AppDelegate.m in Sources */ = {isa = PBXBuildFile; fileRef = CC07005816AFAE1A0042FCD2 /* AppDelegate.m */; };
		CC07005B16AFAE1A0042FCD2 /* Default.png in Resources */ = {isa = PBXBuildFile; fileRef = CC07005A16AFAE1A0042FCD2 /* Default.png */; };
		CC07005D16AFAE1A0042FCD2 /* Default@2x.png in Resources */ = {isa = PBXBuildFile; fileRef = CC07005C16AFAE1A0042FCD2 /* Default@2x.png */; };
		CC07005F16AFAE1A0042FCD2 /* Default-568h@2x.png in Resources */ = {isa = PBXBuildFile; fileRef = CC07005E16AFAE1A0042FCD2 /* Default-568h@2x.png */; };
		CC07006216AFAE1A0042FCD2 /* MainStoryboard_iPhone.storyboard in Resources */ = {isa = PBXBuildFile; fileRef = CC07006016AFAE1A0042FCD2 /* MainStoryboard_iPhone.storyboard */; };
		CC07006516AFAE1A0042FCD2 /* MainStoryboard_iPad.storyboard in Resources */ = {isa = PBXBuildFile; fileRef = CC07006316AFAE1A0042FCD2 /* MainStoryboard_iPad.storyboard */; };
		CC07006816AFAE1A0042FCD2 /* ViewController.m in Sources */ = {isa = PBXBuildFile; fileRef = CC07006716AFAE1A0042FCD2 /* ViewController.m */; };
		CC07007016AFAE1A0042FCD2 /* SenTestingKit.framework in Frameworks */ = {isa = PBXBuildFile; fileRef = CC07006F16AFAE1A0042FCD2 /* SenTestingKit.framework */; };
		CC07007116AFAE1B0042FCD2 /* UIKit.framework in Frameworks */ = {isa = PBXBuildFile; fileRef = CC07004816AFAE1A0042FCD2 /* UIKit.framework */; };
		CC07007216AFAE1B0042FCD2 /* Foundation.framework in Frameworks */ = {isa = PBXBuildFile; fileRef = CC07004A16AFAE1A0042FCD2 /* Foundation.framework */; };
		CC07007A16AFAE1B0042FCD2 /* InfoPlist.strings in Resources */ = {isa = PBXBuildFile; fileRef = CC07007816AFAE1B0042FCD2 /* InfoPlist.strings */; };
		CC07007D16AFAE1B0042FCD2 /* usernameTests.m in Sources */ = {isa = PBXBuildFile; fileRef = CC07007C16AFAE1B0042FCD2 /* usernameTests.m */; };
/* End PBXBuildFile section */

/* Begin PBXContainerItemProxy section */
		CC07007316AFAE1B0042FCD2 /* PBXContainerItemProxy */ = {
			isa = PBXContainerItemProxy;
			containerPortal = CC07003B16AFAE1A0042FCD2 /* Project object */;
			proxyType = 1;
			remoteGlobalIDString = CC07004316AFAE1A0042FCD2;
			remoteInfo = username;
		};
/* End PBXContainerItemProxy section */

/* Begin PBXFileReference section */
		CC07004416AFAE1A0042FCD2 /* username.app */ = {isa = PBXFileReference; explicitFileType = wrapper.application; includeInIndex = 0; path = username.app; sourceTree = BUILT_PRODUCTS_DIR; };
		CC07004816AFAE1A0042FCD2 /* UIKit.framework */ = {isa = PBXFileReference; lastKnownFileType = wrapper.framework; name = UIKit.framework; path = System/Library/Frameworks/UIKit.framework; sourceTree = SDKROOT; };
		CC07004A16AFAE1A0042FCD2 /* Foundation.framework */ = {isa = PBXFileReference; lastKnownFileType = wrapper.framework; name = Foundation.framework; path = System/Library/Frameworks/Foundation.framework; sourceTree = SDKROOT; };
		CC07004C16AFAE1A0042FCD2 /* CoreGraphics.framework */ = {isa = PBXFileReference; lastKnownFileType = wrapper.framework; name = CoreGraphics.framework; path = System/Library/Frameworks/CoreGraphics.framework; sourceTree = SDKROOT; };
		CC07005016AFAE1A0042FCD2 /* username-Info.plist */ = {isa = PBXFileReference; lastKnownFileType = text.plist.xml; path = "username-Info.plist"; sourceTree = "<group>"; };
		CC07005216AFAE1A0042FCD2 /* en */ = {isa = PBXFileReference; lastKnownFileType = text.plist.strings; name = en; path = en.lproj/InfoPlist.strings; sourceTree = "<group>"; };
		CC07005416AFAE1A0042FCD2 /* main.m */ = {isa = PBXFileReference; lastKnownFileType = sourcecode.c.objc; path = main.m; sourceTree = "<group>"; };
		CC07005616AFAE1A0042FCD2 /* username-Prefix.pch */ = {isa = PBXFileReference; lastKnownFileType = sourcecode.c.h; path = "username-Prefix.pch"; sourceTree = "<group>"; };
		CC07005716AFAE1A0042FCD2 /* AppDelegate.h */ = {isa = PBXFileReference; lastKnownFileType = sourcecode.c.h; path = AppDelegate.h; sourceTree = "<group>"; };
		CC07005816AFAE1A0042FCD2 /* AppDelegate.m */ = {isa = PBXFileReference; lastKnownFileType = sourcecode.c.objc; path = AppDelegate.m; sourceTree = "<group>"; };
		CC07005A16AFAE1A0042FCD2 /* Default.png */ = {isa = PBXFileReference; lastKnownFileType = image.png; path = Default.png; sourceTree = "<group>"; };
		CC07005C16AFAE1A0042FCD2 /* Default@2x.png */ = {isa = PBXFileReference; lastKnownFileType = image.png; path = "Default@2x.png"; sourceTree = "<group>"; };
		CC07005E16AFAE1A0042FCD2 /* Default-568h@2x.png */ = {isa = PBXFileReference; lastKnownFileType = image.png; path = "Default-568h@2x.png"; sourceTree = "<group>"; };
		CC07006116AFAE1A0042FCD2 /* en */ = {isa = PBXFileReference; lastKnownFileType = file.storyboard; name = en; path = en.lproj/MainStoryboard_iPhone.storyboard; sourceTree = "<group>"; };
		CC07006416AFAE1A0042FCD2 /* en */ = {isa = PBXFileReference; lastKnownFileType = file.storyboard; name = en; path = en.lproj/MainStoryboard_iPad.storyboard; sourceTree = "<group>"; };
		CC07006616AFAE1A0042FCD2 /* ViewController.h */ = {isa = PBXFileReference; lastKnownFileType = sourcecode.c.h; path = ViewController.h; sourceTree = "<group>"; };
		CC07006716AFAE1A0042FCD2 /* ViewController.m */ = {isa = PBXFileReference; lastKnownFileType = sourcecode.c.objc; path = ViewController.m; sourceTree = "<group>"; };
		CC07006E16AFAE1A0042FCD2 /* usernameTests.octest */ = {isa = PBXFileReference; explicitFileType = wrapper.cfbundle; includeInIndex = 0; path = usernameTests.octest; sourceTree = BUILT_PRODUCTS_DIR; };
		CC07006F16AFAE1A0042FCD2 /* SenTestingKit.framework */ = {isa = PBXFileReference; lastKnownFileType = wrapper.framework; name = SenTestingKit.framework; path = Library/Frameworks/SenTestingKit.framework; sourceTree = DEVELOPER_DIR; };
		CC07007716AFAE1B0042FCD2 /* usernameTests-Info.plist */ = {isa = PBXFileReference; lastKnownFileType = text.plist.xml; path = "usernameTests-Info.plist"; sourceTree = "<group>"; };
		CC07007916AFAE1B0042FCD2 /* en */ = {isa = PBXFileReference; lastKnownFileType = text.plist.strings; name = en; path = en.lproj/InfoPlist.strings; sourceTree = "<group>"; };
		CC07007B16AFAE1B0042FCD2 /* usernameTests.h */ = {isa = PBXFileReference; lastKnownFileType = sourcecode.c.h; path = usernameTests.h; sourceTree = "<group>"; };
		CC07007C16AFAE1B0042FCD2 /* usernameTests.m */ = {isa = PBXFileReference; lastKnownFileType = sourcecode.c.objc; path = usernameTests.m; sourceTree = "<group>"; };
/* End PBXFileReference section */

/* Begin PBXFrameworksBuildPhase section */
		CC07004116AFAE1A0042FCD2 /* Frameworks */ = {
			isa = PBXFrameworksBuildPhase;
			buildActionMask = 2147483647;
			files = (
				CC07004916AFAE1A0042FCD2 /* UIKit.framework in Frameworks */,
				CC07004B16AFAE1A0042FCD2 /* Foundation.framework in Frameworks */,
				CC07004D16AFAE1A0042FCD2 /* CoreGraphics.framework in Frameworks */,
			);
			runOnlyForDeploymentPostprocessing = 0;
		};
		CC07006A16AFAE1A0042FCD2 /* Frameworks */ = {
			isa = PBXFrameworksBuildPhase;
			buildActionMask = 2147483647;
			files = (
				CC07007016AFAE1A0042FCD2 /* SenTestingKit.framework in Frameworks */,
				CC07007116AFAE1B0042FCD2 /* UIKit.framework in Frameworks */,
				CC07007216AFAE1B0042FCD2 /* Foundation.framework in Frameworks */,
			);
			runOnlyForDeploymentPostprocessing = 0;
		};
/* End PBXFrameworksBuildPhase section */

/* Begin PBXGroup section */
		CC07003916AFAE1A0042FCD2 = {
			isa = PBXGroup;
			children = (
				CC07004E16AFAE1A0042FCD2 /* username */,
				CC07007516AFAE1B0042FCD2 /* usernameTests */,
				CC07004716AFAE1A0042FCD2 /* Frameworks */,
				CC07004516AFAE1A0042FCD2 /* Products */,
			);
			sourceTree = "<group>";
		};
		CC07004516AFAE1A0042FCD2 /* Products */ = {
			isa = PBXGroup;
			children = (
				CC07004416AFAE1A0042FCD2 /* username.app */,
				CC07006E16AFAE1A0042FCD2 /* usernameTests.octest */,
			);
			name = Products;
			sourceTree = "<group>";
		};
		CC07004716AFAE1A0042FCD2 /* Frameworks */ = {
			isa = PBXGroup;
			children = (
				CC07004816AFAE1A0042FCD2 /* UIKit.framework */,
				CC07004A16AFAE1A0042FCD2 /* Foundation.framework */,
				CC07004C16AFAE1A0042FCD2 /* CoreGraphics.framework */,
				CC07006F16AFAE1A0042FCD2 /* SenTestingKit.framework */,
			);
			name = Frameworks;
			sourceTree = "<group>";
		};
		CC07004E16AFAE1A0042FCD2 /* username */ = {
			isa = PBXGroup;
			children = (
				CC07005716AFAE1A0042FCD2 /* AppDelegate.h */,
				CC07005816AFAE1A0042FCD2 /* AppDelegate.m */,
				CC07006016AFAE1A0042FCD2 /* MainStoryboard_iPhone.storyboard */,
				CC07006316AFAE1A0042FCD2 /* MainStoryboard_iPad.storyboard */,
				CC07006616AFAE1A0042FCD2 /* ViewController.h */,
				CC07006716AFAE1A0042FCD2 /* ViewController.m */,
				CC07004F16AFAE1A0042FCD2 /* Supporting Files */,
			);
			path = username;
			sourceTree = "<group>";
		};
		CC07004F16AFAE1A0042FCD2 /* Supporting Files */ = {
			isa = PBXGroup;
			children = (
				CC07005016AFAE1A0042FCD2 /* username-Info.plist */,
				CC07005116AFAE1A0042FCD2 /* InfoPlist.strings */,
				CC07005416AFAE1A0042FCD2 /* main.m */,
				CC07005616AFAE1A0042FCD2 /* username-Prefix.pch */,
				CC07005A16AFAE1A0042FCD2 /* Default.png */,
				CC07005C16AFAE1A0042FCD2 /* Default@2x.png */,
				CC07005E16AFAE1A0042FCD2 /* Default-568h@2x.png */,
			);
			name = "Supporting Files";
			sourceTree = "<group>";
		};
		CC07007516AFAE1B0042FCD2 /* usernameTests */ = {
			isa = PBXGroup;
			children = (
				CC07007B16AFAE1B0042FCD2 /* usernameTests.h */,
				CC07007C16AFAE1B0042FCD2 /* usernameTests.m */,
				CC07007616AFAE1B0042FCD2 /* Supporting Files */,
			);
			path = usernameTests;
			sourceTree = "<group>";
		};
		CC07007616AFAE1B0042FCD2 /* Supporting Files */ = {
			isa = PBXGroup;
			children = (
				CC07007716AFAE1B0042FCD2 /* usernameTests-Info.plist */,
				CC07007816AFAE1B0042FCD2 /* InfoPlist.strings */,
			);
			name = "Supporting Files";
			sourceTree = "<group>";
		};
/* End PBXGroup section */

/* Begin PBXNativeTarget section */
		CC07004316AFAE1A0042FCD2 /* username */ = {
			isa = PBXNativeTarget;
			buildConfigurationList = CC07008016AFAE1B0042FCD2 /* Build configuration list for PBXNativeTarget "username" */;
			buildPhases = (
				CC07004016AFAE1A0042FCD2 /* Sources */,
				CC07004116AFAE1A0042FCD2 /* Frameworks */,
				CC07004216AFAE1A0042FCD2 /* Resources */,
			);
			buildRules = (
			);
			dependencies = (
			);
			name = username;
			productName = username;
			productReference = CC07004416AFAE1A0042FCD2 /* username.app */;
			productType = "com.apple.product-type.application";
		};
		CC07006D16AFAE1A0042FCD2 /* usernameTests */ = {
			isa = PBXNativeTarget;
			buildConfigurationList = CC07008316AFAE1B0042FCD2 /* Build configuration list for PBXNativeTarget "usernameTests" */;
			buildPhases = (
				CC07006916AFAE1A0042FCD2 /* Sources */,
				CC07006A16AFAE1A0042FCD2 /* Frameworks */,
				CC07006B16AFAE1A0042FCD2 /* Resources */,
				CC07006C16AFAE1A0042FCD2 /* ShellScript */,
			);
			buildRules = (
			);
			dependencies = (
				CC07007416AFAE1B0042FCD2 /* PBXTargetDependency */,
			);
			name = usernameTests;
			productName = usernameTests;
			productReference = CC07006E16AFAE1A0042FCD2 /* usernameTests.octest */;
			productType = "com.apple.product-type.bundle";
		};
/* End PBXNativeTarget section */

/* Begin PBXProject section */
		CC07003B16AFAE1A0042FCD2 /* Project object */ = {
			isa = PBXProject;
			attributes = {
				LastUpgradeCheck = 0450;
				ORGANIZATIONNAME = S104;
			};
			buildConfigurationList = CC07003E16AFAE1A0042FCD2 /* Build configuration list for PBXProject "username" */;
			compatibilityVersion = "Xcode 3.2";
			developmentRegion = English;
			hasScannedForEncodings = 0;
			knownRegions = (
				en,
			);
			mainGroup = CC07003916AFAE1A0042FCD2;
			productRefGroup = CC07004516AFAE1A0042FCD2 /* Products */;
			projectDirPath = "";
			projectRoot = "";
			targets = (
				CC07004316AFAE1A0042FCD2 /* username */,
				CC07006D16AFAE1A0042FCD2 /* usernameTests */,
			);
		};
/* End PBXProject section */

/* Begin PBXResourcesBuildPhase section */
		CC07004216AFAE1A0042FCD2 /* Resources */ = {
			isa = PBXResourcesBuildPhase;
			buildActionMask = 2147483647;
			files = (
				CC07005316AFAE1A0042FCD2 /* InfoPlist.strings in Resources */,
				CC07005B16AFAE1A0042FCD2 /* Default.png in Resources */,
				CC07005D16AFAE1A0042FCD2 /* Default@2x.png in Resources */,
				CC07005F16AFAE1A0042FCD2 /* Default-568h@2x.png in Resources */,
				CC07006216AFAE1A0042FCD2 /* MainStoryboard_iPhone.storyboard in Resources */,
				CC07006516AFAE1A0042FCD2 /* MainStoryboard_iPad.storyboard in Resources */,
			);
			runOnlyForDeploymentPostprocessing = 0;
		};
		CC07006B16AFAE1A0042FCD2 /* Resources */ = {
			isa = PBXResourcesBuildPhase;
			buildActionMask = 2147483647;
			files = (
				CC07007A16AFAE1B0042FCD2 /* InfoPlist.strings in Resources */,
			);
			runOnlyForDeploymentPostprocessing = 0;
		};
/* End PBXResourcesBuildPhase section */

/* Begin PBXShellScriptBuildPhase section */
		CC07006C16AFAE1A0042FCD2 /* ShellScript */ = {
			isa = PBXShellScriptBuildPhase;
			buildActionMask = 2147483647;
			files = (
			);
			inputPaths = (
			);
			outputPaths = (
			);
			runOnlyForDeploymentPostprocessing = 0;
			shellPath = /bin/sh;
			shellScript = "# Run the unit tests in this test bundle.\n\"${SYSTEM_DEVELOPER_DIR}/Tools/RunUnitTests\"\n";
		};
/* End PBXShellScriptBuildPhase section */

/* Begin PBXSourcesBuildPhase section */
		CC07004016AFAE1A0042FCD2 /* Sources */ = {
			isa = PBXSourcesBuildPhase;
			buildActionMask = 2147483647;
			files = (
				CC07005516AFAE1A0042FCD2 /* main.m in Sources */,
				CC07005916AFAE1A0042FCD2 /* AppDelegate.m in Sources */,
				CC07006816AFAE1A0042FCD2 /* ViewController.m in Sources */,
			);
			runOnlyForDeploymentPostprocessing = 0;
		};
		CC07006916AFAE1A0042FCD2 /* Sources */ = {
			isa = PBXSourcesBuildPhase;
			buildActionMask = 2147483647;
			files = (
				CC07007D16AFAE1B0042FCD2 /* usernameTests.m in Sources */,
			);
			runOnlyForDeploymentPostprocessing = 0;
		};
/* End PBXSourcesBuildPhase section */

/* Begin PBXTargetDependency section */
		CC07007416AFAE1B0042FCD2 /* PBXTargetDependency */ = {
			isa = PBXTargetDependency;
			target = CC07004316AFAE1A0042FCD2 /* username */;
			targetProxy = CC07007316AFAE1B0042FCD2 /* PBXContainerItemProxy */;
		};
/* End PBXTargetDependency section */

/* Begin PBXVariantGroup section */
		CC07005116AFAE1A0042FCD2 /* InfoPlist.strings */ = {
			isa = PBXVariantGroup;
			children = (
				CC07005216AFAE1A0042FCD2 /* en */,
			);
			name = InfoPlist.strings;
			sourceTree = "<group>";
		};
		CC07006016AFAE1A0042FCD2 /* MainStoryboard_iPhone.storyboard */ = {
			isa = PBXVariantGroup;
			children = (
				CC07006116AFAE1A0042FCD2 /* en */,
			);
			name = MainStoryboard_iPhone.storyboard;
			sourceTree = "<group>";
		};
		CC07006316AFAE1A0042FCD2 /* MainStoryboard_iPad.storyboard */ = {
			isa = PBXVariantGroup;
			children = (
				CC07006416AFAE1A0042FCD2 /* en */,
			);
			name = MainStoryboard_iPad.storyboard;
			sourceTree = "<group>";
		};
		CC07007816AFAE1B0042FCD2 /* InfoPlist.strings */ = {
			isa = PBXVariantGroup;
			children = (
				CC07007916AFAE1B0042FCD2 /* en */,
			);
			name = InfoPlist.strings;
			sourceTree = "<group>";
		};
/* End PBXVariantGroup section */

/* Begin XCBuildConfiguration section */
		CC07007E16AFAE1B0042FCD2 /* Debug */ = {
			isa = XCBuildConfiguration;
			buildSettings = {
				ALWAYS_SEARCH_USER_PATHS = NO;
				CLANG_CXX_LANGUAGE_STANDARD = "gnu++0x";
				CLANG_CXX_LIBRARY = "libc++";
				CLANG_ENABLE_OBJC_ARC = YES;
				CLANG_WARN_EMPTY_BODY = YES;
				CLANG_WARN__DUPLICATE_METHOD_MATCH = YES;
				"CODE_SIGN_IDENTITY[sdk=iphoneos*]" = "iPhone Developer";
				COPY_PHASE_STRIP = NO;
				GCC_C_LANGUAGE_STANDARD = gnu99;
				GCC_DYNAMIC_NO_PIC = NO;
				GCC_OPTIMIZATION_LEVEL = 0;
				GCC_PREPROCESSOR_DEFINITIONS = (
					"DEBUG=1",
					"$(inherited)",
				);
				GCC_SYMBOLS_PRIVATE_EXTERN = NO;
				GCC_WARN_ABOUT_RETURN_TYPE = YES;
				GCC_WARN_UNINITIALIZED_AUTOS = YES;
				GCC_WARN_UNUSED_VARIABLE = YES;
				IPHONEOS_DEPLOYMENT_TARGET = 6.0;
				ONLY_ACTIVE_ARCH = YES;
				SDKROOT = iphoneos;
				TARGETED_DEVICE_FAMILY = "1,2";
			};
			name = Debug;
		};
		CC07007F16AFAE1B0042FCD2 /* Release */ = {
			isa = XCBuildConfiguration;
			buildSettings = {
				ALWAYS_SEARCH_USER_PATHS = NO;
				CLANG_CXX_LANGUAGE_STANDARD = "gnu++0x";
				CLANG_CXX_LIBRARY = "libc++";
				CLANG_ENABLE_OBJC_ARC = YES;
				CLANG_WARN_EMPTY_BODY = YES;
				CLANG_WARN__DUPLICATE_METHOD_MATCH = YES;
				"CODE_SIGN_IDENTITY[sdk=iphoneos*]" = "iPhone Developer";
				COPY_PHASE_STRIP = YES;
				GCC_C_LANGUAGE_STANDARD = gnu99;
				GCC_WARN_ABOUT_RETURN_TYPE = YES;
				GCC_WARN_UNINITIALIZED_AUTOS = YES;
				GCC_WARN_UNUSED_VARIABLE = YES;
				IPHONEOS_DEPLOYMENT_TARGET = 6.0;
				OTHER_CFLAGS = "-DNS_BLOCK_ASSERTIONS=1";
				SDKROOT = iphoneos;
				TARGETED_DEVICE_FAMILY = "1,2";
				VALIDATE_PRODUCT = YES;
			};
			name = Release;
		};
		CC07008116AFAE1B0042FCD2 /* Debug */ = {
			isa = XCBuildConfiguration;
			buildSettings = {
				GCC_PRECOMPILE_PREFIX_HEADER = YES;
				GCC_PREFIX_HEADER = "username/username-Prefix.pch";
				INFOPLIST_FILE = "username/username-Info.plist";
				PRODUCT_NAME = "$(TARGET_NAME)";
				WRAPPER_EXTENSION = app;
			};
			name = Debug;
		};
		CC07008216AFAE1B0042FCD2 /* Release */ = {
			isa = XCBuildConfiguration;
			buildSettings = {
				GCC_PRECOMPILE_PREFIX_HEADER = YES;
				GCC_PREFIX_HEADER = "username/username-Prefix.pch";
				INFOPLIST_FILE = "username/username-Info.plist";
				PRODUCT_NAME = "$(TARGET_NAME)";
				WRAPPER_EXTENSION = app;
			};
			name = Release;
		};
		CC07008416AFAE1B0042FCD2 /* Debug */ = {
			isa = XCBuildConfiguration;
			buildSettings = {
				BUNDLE_LOADER = "$(BUILT_PRODUCTS_DIR)/username.app/username";
				FRAMEWORK_SEARCH_PATHS = (
					"\"$(SDKROOT)/Developer/Library/Frameworks\"",
					"\"$(DEVELOPER_LIBRARY_DIR)/Frameworks\"",
				);
				GCC_PRECOMPILE_PREFIX_HEADER = YES;
				GCC_PREFIX_HEADER = "username/username-Prefix.pch";
				INFOPLIST_FILE = "usernameTests/usernameTests-Info.plist";
				PRODUCT_NAME = "$(TARGET_NAME)";
				TEST_HOST = "$(BUNDLE_LOADER)";
				WRAPPER_EXTENSION = octest;
			};
			name = Debug;
		};
		CC07008516AFAE1B0042FCD2 /* Release */ = {
			isa = XCBuildConfiguration;
			buildSettings = {
				BUNDLE_LOADER = "$(BUILT_PRODUCTS_DIR)/username.app/username";
				FRAMEWORK_SEARCH_PATHS = (
					"\"$(SDKROOT)/Developer/Library/Frameworks\"",
					"\"$(DEVELOPER_LIBRARY_DIR)/Frameworks\"",
				);
				GCC_PRECOMPILE_PREFIX_HEADER = YES;
				GCC_PREFIX_HEADER = "username/username-Prefix.pch";
				INFOPLIST_FILE = "usernameTests/usernameTests-Info.plist";
				PRODUCT_NAME = "$(TARGET_NAME)";
				TEST_HOST = "$(BUNDLE_LOADER)";
				WRAPPER_EXTENSION = octest;
			};
			name = Release;
		};
/* End XCBuildConfiguration section */

/* Begin XCConfigurationList section */
		CC07003E16AFAE1A0042FCD2 /* Build configuration list for PBXProject "username" */ = {
			isa = XCConfigurationList;
			buildConfigurations = (
				CC07007E16AFAE1B0042FCD2 /* Debug */,
				CC07007F16AFAE1B0042FCD2 /* Release */,
			);
			defaultConfigurationIsVisible = 0;
			defaultConfigurationName = Release;
		};
		CC07008016AFAE1B0042FCD2 /* Build configuration list for PBXNativeTarget "username" */ = {
			isa = XCConfigurationList;
			buildConfigurations = (
				CC07008116AFAE1B0042FCD2 /* Debug */,
				CC07008216AFAE1B0042FCD2 /* Release */,
			);
			defaultConfigurationIsVisible = 0;
		};
		CC07008316AFAE1B0042FCD2 /* Build configuration list for PBXNativeTarget "usernameTests" */ = {
			isa = XCConfigurationList;
			buildConfigurations = (
				CC07008416AFAE1B0042FCD2 /* Debug */,
				CC07008516AFAE1B0042FCD2 /* Release */,
			);
			defaultConfigurationIsVisible = 0;
		};
/* End XCConfigurationList section */
	};
	rootObject = CC07003B16AFAE1A0042FCD2 /* Project object */;
}
